
Microsoft Visual Studio Solution File, Format Version 12.00
# Visual Studio Version 17
VisualStudioVersion = 17.14.36221.1
MinimumVisualStudioVersion = 10.0.40219.1
Project("{FAE04EC0-301F-11D3-BF4B-00C04F79EFBC}") = "BlazorUI", "BlazorUI\BlazorUI.csproj", "{8858CA55-BC00-42FF-8016-2536C461C152}"
EndProject
Project("{FAE04EC0-301F-11D3-BF4B-00C04F79EFBC}") = "DemoLibrary", "DemoLibrary\DemoLibrary.csproj", "{BED9AEF4-0048-48F1-BAA9-A8E7F3CCA557}"
EndProject
Project("{FAE04EC0-301F-11D3-BF4B-00C04F79EFBC}") = "DemoApi", "DemoApi\DemoApi.csproj", "{BC997928-D9D8-47C0-BA16-DE08F7187CEC}"
EndProject
Global
	GlobalSection(SolutionConfigurationPlatforms) = preSolution
		Debug|Any CPU = Debug|Any CPU
		Release|Any CPU = Release|Any CPU
	EndGlobalSection
	GlobalSection(ProjectConfigurationPlatforms) = postSolution
		{8858CA55-BC00-42FF-8016-2536C461C152}.Debug|Any CPU.ActiveCfg = Debug|Any CPU
		{8858CA55-BC00-42FF-8016-2536C461C152}.Debug|Any CPU.Build.0 = Debug|Any CPU
		{8858CA55-BC00-42FF-8016-2536C461C152}.Release|Any CPU.ActiveCfg = Release|Any CPU
		{8858CA55-BC00-42FF-8016-2536C461C152}.Release|Any CPU.Build.0 = Release|Any CPU
		{BED9AEF4-0048-48F1-BAA9-A8E7F3CCA557}.Debug|Any CPU.ActiveCfg = Debug|Any CPU
		{BED9AEF4-0048-48F1-BAA9-A8E7F3CCA557}.Debug|Any CPU.Build.0 = Debug|Any CPU
		{BED9AEF4-0048-48F1-BAA9-A8E7F3CCA557}.Release|Any CPU.ActiveCfg = Release|Any CPU
		{BED9AEF4-0048-48F1-BAA9-A8E7F3CCA557}.Release|Any CPU.Build.0 = Release|Any CPU
		{BC997928-D9D8-47C0-BA16-DE08F7187CEC}.Debug|Any CPU.ActiveCfg = Debug|Any CPU
		{BC997928-D9D8-47C0-BA16-DE08F7187CEC}.Debug|Any CPU.Build.0 = Debug|Any CPU
		{BC997928-D9D8-47C0-BA16-DE08F7187CEC}.Release|Any CPU.ActiveCfg = Release|Any CPU
		{BC997928-D9D8-47C0-BA16-DE08F7187CEC}.Release|Any CPU.Build.0 = Release|Any CPU
	EndGlobalSection
	GlobalSection(SolutionProperties) = preSolution
		HideSolutionNode = FALSE
	EndGlobalSection
	GlobalSection(ExtensibilityGlobals) = postSolution
		SolutionGuid = {A3A6A88A-DC0F-403E-9461-5F45B5C38697}
	EndGlobalSection
EndGlobal
